
Microsoft Visual Studio Solution File, Format Version 12.00
# Visual Studio Version 17
VisualStudioVersion = 17.4.33403.182
MinimumVisualStudioVersion = 10.0.40219.1
Project("{9A19103F-16F7-4668-BE54-9A1E7A4F7556}") = "RedirecterApi", "RedirecterApi\RedirecterApi.csproj", "{A8C72DA3-AAF2-4E2E-9E8F-23D26F3A1809}"
EndProject
Project("{9A19103F-16F7-4668-BE54-9A1E7A4F7556}") = "RedirecterCore", "RedirecterCore\RedirecterCore.csproj", "{EAFAAE16-29B7-428A-9DEC-957CE70E425A}"
EndProject
Project("{9A19103F-16F7-4668-BE54-9A1E7A4F7556}") = "RedirecterTest", "RedirecterTest\RedirecterTest.csproj", "{2FEA4059-DFB4-4DFD-9D43-9684A360B6AE}"
EndProject
Project("{E53339B2-1760-4266-BCC7-CA923CBCF16C}") = "docker-compose", "docker-compose.dcproj", "{D16024FB-4568-4359-B473-7706932B7F19}"
EndProject
Global
	GlobalSection(SolutionConfigurationPlatforms) = preSolution
		Debug|Any CPU = Debug|Any CPU
		Release|Any CPU = Release|Any CPU
	EndGlobalSection
	GlobalSection(ProjectConfigurationPlatforms) = postSolution
		{A8C72DA3-AAF2-4E2E-9E8F-23D26F3A1809}.Debug|Any CPU.ActiveCfg = Debug|Any CPU
		{A8C72DA3-AAF2-4E2E-9E8F-23D26F3A1809}.Debug|Any CPU.Build.0 = Debug|Any CPU
		{A8C72DA3-AAF2-4E2E-9E8F-23D26F3A1809}.Release|Any CPU.ActiveCfg = Release|Any CPU
		{A8C72DA3-AAF2-4E2E-9E8F-23D26F3A1809}.Release|Any CPU.Build.0 = Release|Any CPU
		{EAFAAE16-29B7-428A-9DEC-957CE70E425A}.Debug|Any CPU.ActiveCfg = Debug|Any CPU
		{EAFAAE16-29B7-428A-9DEC-957CE70E425A}.Debug|Any CPU.Build.0 = Debug|Any CPU
		{EAFAAE16-29B7-428A-9DEC-957CE70E425A}.Release|Any CPU.ActiveCfg = Release|Any CPU
		{EAFAAE16-29B7-428A-9DEC-957CE70E425A}.Release|Any CPU.Build.0 = Release|Any CPU
		{2FEA4059-DFB4-4DFD-9D43-9684A360B6AE}.Debug|Any CPU.ActiveCfg = Debug|Any CPU
		{2FEA4059-DFB4-4DFD-9D43-9684A360B6AE}.Debug|Any CPU.Build.0 = Debug|Any CPU
		{2FEA4059-DFB4-4DFD-9D43-9684A360B6AE}.Release|Any CPU.ActiveCfg = Release|Any CPU
		{2FEA4059-DFB4-4DFD-9D43-9684A360B6AE}.Release|Any CPU.Build.0 = Release|Any CPU
		{D16024FB-4568-4359-B473-7706932B7F19}.Debug|Any CPU.ActiveCfg = Debug|Any CPU
		{D16024FB-4568-4359-B473-7706932B7F19}.Debug|Any CPU.Build.0 = Debug|Any CPU
		{D16024FB-4568-4359-B473-7706932B7F19}.Release|Any CPU.ActiveCfg = Release|Any CPU
		{D16024FB-4568-4359-B473-7706932B7F19}.Release|Any CPU.Build.0 = Release|Any CPU
	EndGlobalSection
	GlobalSection(SolutionProperties) = preSolution
		HideSolutionNode = FALSE
	EndGlobalSection
	GlobalSection(ExtensibilityGlobals) = postSolution
		SolutionGuid = {5D1FE2E5-B427-4BF7-B00C-489FFE2DC064}
	EndGlobalSection
EndGlobal
